// !$*UTF8*$!
{
	archiveVersion = 1;
	classes = {
	};
	objectVersion = 56;
	objects = {

/* Begin PBXBuildFile section */
		1D323BAB2BB42F1800AFA267 /* AddNoteView.swift in Sources */ = {isa = PBXBuildFile; fileRef = 1D323BAA2BB42F1800AFA267 /* AddNoteView.swift */; };
		1D323BAD2BB42F4F00AFA267 /* AddNoteController.swift in Sources */ = {isa = PBXBuildFile; fileRef = 1D323BAC2BB42F4F00AFA267 /* AddNoteController.swift */; };
		1D323BAF2BB42F6800AFA267 /* AddNoteModel.swift in Sources */ = {isa = PBXBuildFile; fileRef = 1D323BAE2BB42F6800AFA267 /* AddNoteModel.swift */; };
		1D323BB92BB42FF600AFA267 /* CoreDataService.swift in Sources */ = {isa = PBXBuildFile; fileRef = 1D323BB82BB42FF600AFA267 /* CoreDataService.swift */; };
		1D323BBC2BB435BA00AFA267 /* Note.xcdatamodeld in Sources */ = {isa = PBXBuildFile; fileRef = 1D323BBA2BB435BA00AFA267 /* Note.xcdatamodeld */; };
		1D323BC32BB4444A00AFA267 /* Note+CoreDataClass.swift in Sources */ = {isa = PBXBuildFile; fileRef = 1D323BC12BB4444A00AFA267 /* Note+CoreDataClass.swift */; };
		1D323BC42BB4444A00AFA267 /* Note+CoreDataProperties.swift in Sources */ = {isa = PBXBuildFile; fileRef = 1D323BC22BB4444A00AFA267 /* Note+CoreDataProperties.swift */; };
		1D33D67E2BBC00EE008AD1D1 /* ChangeLanguageView.swift in Sources */ = {isa = PBXBuildFile; fileRef = 1D33D67D2BBC00EE008AD1D1 /* ChangeLanguageView.swift */; };
		1D33D6802BBC0360008AD1D1 /* ChangeLanguageTVCell.swift in Sources */ = {isa = PBXBuildFile; fileRef = 1D33D67F2BBC0360008AD1D1 /* ChangeLanguageTVCell.swift */; };
		1D33D6892BBE9CF1008AD1D1 /* Localizable.strings in Resources */ = {isa = PBXBuildFile; fileRef = 1D33D68B2BBE9CF1008AD1D1 /* Localizable.strings */; };
		1D33D6902BBE9D61008AD1D1 /* AppLanguageManager.swift in Sources */ = {isa = PBXBuildFile; fileRef = 1D33D68F2BBE9D61008AD1D1 /* AppLanguageManager.swift */; };
		1D33D6932BC29264008AD1D1 /* Extension + Color.swift in Sources */ = {isa = PBXBuildFile; fileRef = 1D33D6922BC29264008AD1D1 /* Extension + Color.swift */; };
		1D33D6952BC29344008AD1D1 /* Extension + String.swift in Sources */ = {isa = PBXBuildFile; fileRef = 1D33D6942BC29344008AD1D1 /* Extension + String.swift */; };
		1D44C22E2BB21266002F1C9D /* AppDelegate.swift in Sources */ = {isa = PBXBuildFile; fileRef = 1D44C22D2BB21266002F1C9D /* AppDelegate.swift */; };
		1D44C2302BB21266002F1C9D /* SceneDelegate.swift in Sources */ = {isa = PBXBuildFile; fileRef = 1D44C22F2BB21266002F1C9D /* SceneDelegate.swift */; };
		1D44C2322BB21266002F1C9D /* MainView.swift in Sources */ = {isa = PBXBuildFile; fileRef = 1D44C2312BB21266002F1C9D /* MainView.swift */; };
		1D44C2372BB21267002F1C9D /* Assets.xcassets in Resources */ = {isa = PBXBuildFile; fileRef = 1D44C2362BB21267002F1C9D /* Assets.xcassets */; };
		1D44C23A2BB21267002F1C9D /* LaunchScreen.storyboard in Resources */ = {isa = PBXBuildFile; fileRef = 1D44C2382BB21267002F1C9D /* LaunchScreen.storyboard */; };
		1D44C2472BB21339002F1C9D /* MainController.swift in Sources */ = {isa = PBXBuildFile; fileRef = 1D44C2462BB21339002F1C9D /* MainController.swift */; };
		1D44C2492BB21346002F1C9D /* MainModel.swift in Sources */ = {isa = PBXBuildFile; fileRef = 1D44C2482BB21346002F1C9D /* MainModel.swift */; };
		1D44C24B2BB21353002F1C9D /* MainCVCell.swift in Sources */ = {isa = PBXBuildFile; fileRef = 1D44C24A2BB21353002F1C9D /* MainCVCell.swift */; };
		1D44C24E2BB2138D002F1C9D /* SettingsView.swift in Sources */ = {isa = PBXBuildFile; fileRef = 1D44C24D2BB2138D002F1C9D /* SettingsView.swift */; };
		1D44C2502BB213A1002F1C9D /* SettingsController.swift in Sources */ = {isa = PBXBuildFile; fileRef = 1D44C24F2BB213A1002F1C9D /* SettingsController.swift */; };
		1D44C2522BB213B0002F1C9D /* SettingsModel.swift in Sources */ = {isa = PBXBuildFile; fileRef = 1D44C2512BB213B0002F1C9D /* SettingsModel.swift */; };
		1D44C2542BB213C5002F1C9D /* SettingsTVCell.swift in Sources */ = {isa = PBXBuildFile; fileRef = 1D44C2532BB213C5002F1C9D /* SettingsTVCell.swift */; };
		1D44C2572BB213E4002F1C9D /* OnBoardingView.swift in Sources */ = {isa = PBXBuildFile; fileRef = 1D44C2562BB213E4002F1C9D /* OnBoardingView.swift */; };
		1D44C2592BB21405002F1C9D /* OnBoardingCVCell.swift in Sources */ = {isa = PBXBuildFile; fileRef = 1D44C2582BB21405002F1C9D /* OnBoardingCVCell.swift */; };
/* End PBXBuildFile section */

/* Begin PBXFileReference section */
		1D323BAA2BB42F1800AFA267 /* AddNoteView.swift */ = {isa = PBXFileReference; lastKnownFileType = sourcecode.swift; path = AddNoteView.swift; sourceTree = "<group>"; };
		1D323BAC2BB42F4F00AFA267 /* AddNoteController.swift */ = {isa = PBXFileReference; lastKnownFileType = sourcecode.swift; path = AddNoteController.swift; sourceTree = "<group>"; };
		1D323BAE2BB42F6800AFA267 /* AddNoteModel.swift */ = {isa = PBXFileReference; lastKnownFileType = sourcecode.swift; path = AddNoteModel.swift; sourceTree = "<group>"; };
		1D323BB82BB42FF600AFA267 /* CoreDataService.swift */ = {isa = PBXFileReference; lastKnownFileType = sourcecode.swift; path = CoreDataService.swift; sourceTree = "<group>"; };
		1D323BBB2BB435BA00AFA267 /* Note.xcdatamodel */ = {isa = PBXFileReference; lastKnownFileType = wrapper.xcdatamodel; path = Note.xcdatamodel; sourceTree = "<group>"; };
		1D323BC12BB4444A00AFA267 /* Note+CoreDataClass.swift */ = {isa = PBXFileReference; lastKnownFileType = sourcecode.swift; path = "Note+CoreDataClass.swift"; sourceTree = "<group>"; };
		1D323BC22BB4444A00AFA267 /* Note+CoreDataProperties.swift */ = {isa = PBXFileReference; lastKnownFileType = sourcecode.swift; path = "Note+CoreDataProperties.swift"; sourceTree = "<group>"; };
		1D33D67D2BBC00EE008AD1D1 /* ChangeLanguageView.swift */ = {isa = PBXFileReference; lastKnownFileType = sourcecode.swift; path = ChangeLanguageView.swift; sourceTree = "<group>"; };
		1D33D67F2BBC0360008AD1D1 /* ChangeLanguageTVCell.swift */ = {isa = PBXFileReference; lastKnownFileType = sourcecode.swift; path = ChangeLanguageTVCell.swift; sourceTree = "<group>"; };
		1D33D6852BBE9C8A008AD1D1 /* ru */ = {isa = PBXFileReference; lastKnownFileType = text.plist.strings; name = ru; path = ru.lproj/LaunchScreen.strings; sourceTree = "<group>"; };
		1D33D6862BBE9C96008AD1D1 /* ky-KG */ = {isa = PBXFileReference; lastKnownFileType = text.plist.strings; name = "ky-KG"; path = "ky-KG.lproj/LaunchScreen.strings"; sourceTree = "<group>"; };
		1D33D68A2BBE9CF1008AD1D1 /* en */ = {isa = PBXFileReference; lastKnownFileType = text.plist.strings; name = en; path = en.lproj/Localizable.strings; sourceTree = "<group>"; };
		1D33D68C2BBE9CF3008AD1D1 /* ky-KG */ = {isa = PBXFileReference; lastKnownFileType = text.plist.strings; name = "ky-KG"; path = "ky-KG.lproj/Localizable.strings"; sourceTree = "<group>"; };
		1D33D68D2BBE9CF4008AD1D1 /* ru */ = {isa = PBXFileReference; lastKnownFileType = text.plist.strings; name = ru; path = ru.lproj/Localizable.strings; sourceTree = "<group>"; };
		1D33D68F2BBE9D61008AD1D1 /* AppLanguageManager.swift */ = {isa = PBXFileReference; lastKnownFileType = sourcecode.swift; path = AppLanguageManager.swift; sourceTree = "<group>"; };
		1D33D6922BC29264008AD1D1 /* Extension + Color.swift */ = {isa = PBXFileReference; lastKnownFileType = sourcecode.swift; path = "Extension + Color.swift"; sourceTree = "<group>"; };
		1D33D6942BC29344008AD1D1 /* Extension + String.swift */ = {isa = PBXFileReference; lastKnownFileType = sourcecode.swift; path = "Extension + String.swift"; sourceTree = "<group>"; };
		1D44C22A2BB21266002F1C9D /* 5lessondz3.app */ = {isa = PBXFileReference; explicitFileType = wrapper.application; includeInIndex = 0; path = 5lessondz3.app; sourceTree = BUILT_PRODUCTS_DIR; };
		1D44C22D2BB21266002F1C9D /* AppDelegate.swift */ = {isa = PBXFileReference; lastKnownFileType = sourcecode.swift; path = AppDelegate.swift; sourceTree = "<group>"; };
		1D44C22F2BB21266002F1C9D /* SceneDelegate.swift */ = {isa = PBXFileReference; lastKnownFileType = sourcecode.swift; path = SceneDelegate.swift; sourceTree = "<group>"; };
		1D44C2312BB21266002F1C9D /* MainView.swift */ = {isa = PBXFileReference; lastKnownFileType = sourcecode.swift; path = MainView.swift; sourceTree = "<group>"; };
		1D44C2362BB21267002F1C9D /* Assets.xcassets */ = {isa = PBXFileReference; lastKnownFileType = folder.assetcatalog; path = Assets.xcassets; sourceTree = "<group>"; };
		1D44C2392BB21267002F1C9D /* Base */ = {isa = PBXFileReference; lastKnownFileType = file.storyboard; name = Base; path = Base.lproj/LaunchScreen.storyboard; sourceTree = "<group>"; };
		1D44C23B2BB21267002F1C9D /* Info.plist */ = {isa = PBXFileReference; lastKnownFileType = text.plist.xml; path = Info.plist; sourceTree = "<group>"; };
		1D44C2462BB21339002F1C9D /* MainController.swift */ = {isa = PBXFileReference; lastKnownFileType = sourcecode.swift; path = MainController.swift; sourceTree = "<group>"; };
		1D44C2482BB21346002F1C9D /* MainModel.swift */ = {isa = PBXFileReference; lastKnownFileType = sourcecode.swift; path = MainModel.swift; sourceTree = "<group>"; };
		1D44C24A2BB21353002F1C9D /* MainCVCell.swift */ = {isa = PBXFileReference; lastKnownFileType = sourcecode.swift; path = MainCVCell.swift; sourceTree = "<group>"; };
		1D44C24D2BB2138D002F1C9D /* SettingsView.swift */ = {isa = PBXFileReference; lastKnownFileType = sourcecode.swift; path = SettingsView.swift; sourceTree = "<group>"; };
		1D44C24F2BB213A1002F1C9D /* SettingsController.swift */ = {isa = PBXFileReference; lastKnownFileType = sourcecode.swift; path = SettingsController.swift; sourceTree = "<group>"; };
		1D44C2512BB213B0002F1C9D /* SettingsModel.swift */ = {isa = PBXFileReference; lastKnownFileType = sourcecode.swift; path = SettingsModel.swift; sourceTree = "<group>"; };
		1D44C2532BB213C5002F1C9D /* SettingsTVCell.swift */ = {isa = PBXFileReference; lastKnownFileType = sourcecode.swift; path = SettingsTVCell.swift; sourceTree = "<group>"; };
		1D44C2562BB213E4002F1C9D /* OnBoardingView.swift */ = {isa = PBXFileReference; lastKnownFileType = sourcecode.swift; path = OnBoardingView.swift; sourceTree = "<group>"; };
		1D44C2582BB21405002F1C9D /* OnBoardingCVCell.swift */ = {isa = PBXFileReference; lastKnownFileType = sourcecode.swift; path = OnBoardingCVCell.swift; sourceTree = "<group>"; };
/* End PBXFileReference section */

/* Begin PBXFrameworksBuildPhase section */
		1D44C2272BB21266002F1C9D /* Frameworks */ = {
			isa = PBXFrameworksBuildPhase;
			buildActionMask = 2147483647;
			files = (
			);
			runOnlyForDeploymentPostprocessing = 0;
		};
/* End PBXFrameworksBuildPhase section */

/* Begin PBXGroup section */
		1D323BA92BB42EFB00AFA267 /* AddNoteScreen */ = {
			isa = PBXGroup;
			children = (
				1D323BAA2BB42F1800AFA267 /* AddNoteView.swift */,
				1D323BAC2BB42F4F00AFA267 /* AddNoteController.swift */,
				1D323BAE2BB42F6800AFA267 /* AddNoteModel.swift */,
			);
			path = AddNoteScreen;
			sourceTree = "<group>";
		};
		1D323BB72BB42FDF00AFA267 /* Services */ = {
			isa = PBXGroup;
			children = (
				1D323BB82BB42FF600AFA267 /* CoreDataService.swift */,
			);
			path = Services;
			sourceTree = "<group>";
		};
		1D33D67C2BBC0097008AD1D1 /* ChangeLanguageScreen */ = {
			isa = PBXGroup;
			children = (
				1D33D67D2BBC00EE008AD1D1 /* ChangeLanguageView.swift */,
				1D33D67F2BBC0360008AD1D1 /* ChangeLanguageTVCell.swift */,
			);
			path = ChangeLanguageScreen;
			sourceTree = "<group>";
		};
		1D33D68E2BBE9D3A008AD1D1 /* Managers */ = {
			isa = PBXGroup;
			children = (
				1D33D68F2BBE9D61008AD1D1 /* AppLanguageManager.swift */,
			);
			path = Managers;
			sourceTree = "<group>";
		};
		1D33D6912BC29230008AD1D1 /* SupportFiles */ = {
			isa = PBXGroup;
			children = (
				1D33D6922BC29264008AD1D1 /* Extension + Color.swift */,
				1D33D6942BC29344008AD1D1 /* Extension + String.swift */,
			);
			path = SupportFiles;
			sourceTree = "<group>";
		};
		1D44C2212BB21266002F1C9D = {
			isa = PBXGroup;
			children = (
				1D323BC12BB4444A00AFA267 /* Note+CoreDataClass.swift */,
				1D323BC22BB4444A00AFA267 /* Note+CoreDataProperties.swift */,
				1D44C22C2BB21266002F1C9D /* 5lessondz3 */,
				1D44C22B2BB21266002F1C9D /* Products */,
			);
			sourceTree = "<group>";
		};
		1D44C22B2BB21266002F1C9D /* Products */ = {
			isa = PBXGroup;
			children = (
				1D44C22A2BB21266002F1C9D /* 5lessondz3.app */,
			);
			name = Products;
			sourceTree = "<group>";
		};
		1D44C22C2BB21266002F1C9D /* 5lessondz3 */ = {
			isa = PBXGroup;
			children = (
				1D33D68E2BBE9D3A008AD1D1 /* Managers */,
				1D323BB72BB42FDF00AFA267 /* Services */,
				1D44C2422BB212CA002F1C9D /* VC */,
				1D44C22D2BB21266002F1C9D /* AppDelegate.swift */,
				1D44C22F2BB21266002F1C9D /* SceneDelegate.swift */,
				1D44C2412BB21284002F1C9D /* Resources */,
				1D44C23B2BB21267002F1C9D /* Info.plist */,
				1D323BBA2BB435BA00AFA267 /* Note.xcdatamodeld */,
				1D33D68B2BBE9CF1008AD1D1 /* Localizable.strings */,
			);
			path = 5lessondz3;
			sourceTree = "<group>";
		};
		1D44C2412BB21284002F1C9D /* Resources */ = {
			isa = PBXGroup;
			children = (
				1D33D6912BC29230008AD1D1 /* SupportFiles */,
				1D44C2362BB21267002F1C9D /* Assets.xcassets */,
				1D44C2382BB21267002F1C9D /* LaunchScreen.storyboard */,
			);
			path = Resources;
			sourceTree = "<group>";
		};
		1D44C2422BB212CA002F1C9D /* VC */ = {
			isa = PBXGroup;
			children = (
				1D33D67C2BBC0097008AD1D1 /* ChangeLanguageScreen */,
				1D323BA92BB42EFB00AFA267 /* AddNoteScreen */,
				1D44C2552BB213C9002F1C9D /* OnBoardingScreen */,
				1D44C24C2BB21368002F1C9D /* SettingsScreen */,
				1D44C2432BB21305002F1C9D /* MainScreen */,
			);
			path = VC;
			sourceTree = "<group>";
		};
		1D44C2432BB21305002F1C9D /* MainScreen */ = {
			isa = PBXGroup;
			children = (
				1D44C2312BB21266002F1C9D /* MainView.swift */,
				1D44C2462BB21339002F1C9D /* MainController.swift */,
				1D44C2482BB21346002F1C9D /* MainModel.swift */,
				1D44C24A2BB21353002F1C9D /* MainCVCell.swift */,
			);
			path = MainScreen;
			sourceTree = "<group>";
		};
		1D44C24C2BB21368002F1C9D /* SettingsScreen */ = {
			isa = PBXGroup;
			children = (
				1D44C24D2BB2138D002F1C9D /* SettingsView.swift */,
				1D44C24F2BB213A1002F1C9D /* SettingsController.swift */,
				1D44C2512BB213B0002F1C9D /* SettingsModel.swift */,
				1D44C2532BB213C5002F1C9D /* SettingsTVCell.swift */,
			);
			path = SettingsScreen;
			sourceTree = "<group>";
		};
		1D44C2552BB213C9002F1C9D /* OnBoardingScreen */ = {
			isa = PBXGroup;
			children = (
				1D44C2562BB213E4002F1C9D /* OnBoardingView.swift */,
				1D44C2582BB21405002F1C9D /* OnBoardingCVCell.swift */,
			);
			path = OnBoardingScreen;
			sourceTree = "<group>";
		};
/* End PBXGroup section */

/* Begin PBXNativeTarget section */
		1D44C2292BB21266002F1C9D /* 5lessondz3 */ = {
			isa = PBXNativeTarget;
			buildConfigurationList = 1D44C23E2BB21267002F1C9D /* Build configuration list for PBXNativeTarget "5lessondz3" */;
			buildPhases = (
				1D44C2262BB21266002F1C9D /* Sources */,
				1D44C2272BB21266002F1C9D /* Frameworks */,
				1D44C2282BB21266002F1C9D /* Resources */,
			);
			buildRules = (
			);
			dependencies = (
			);
			name = 5lessondz3;
			productName = 5lessondz3;
			productReference = 1D44C22A2BB21266002F1C9D /* 5lessondz3.app */;
			productType = "com.apple.product-type.application";
		};
/* End PBXNativeTarget section */

/* Begin PBXProject section */
		1D44C2222BB21266002F1C9D /* Project object */ = {
			isa = PBXProject;
			attributes = {
				BuildIndependentTargetsInParallel = 1;
				LastSwiftUpdateCheck = 1500;
				LastUpgradeCheck = 1500;
				TargetAttributes = {
					1D44C2292BB21266002F1C9D = {
						CreatedOnToolsVersion = 15.0.1;
					};
				};
			};
			buildConfigurationList = 1D44C2252BB21266002F1C9D /* Build configuration list for PBXProject "5lessondz3" */;
			compatibilityVersion = "Xcode 14.0";
			developmentRegion = en;
			hasScannedForEncodings = 0;
			knownRegions = (
				en,
				Base,
				ru,
				"ky-KG",
			);
			mainGroup = 1D44C2212BB21266002F1C9D;
			productRefGroup = 1D44C22B2BB21266002F1C9D /* Products */;
			projectDirPath = "";
			projectRoot = "";
			targets = (
				1D44C2292BB21266002F1C9D /* 5lessondz3 */,
			);
		};
/* End PBXProject section */

/* Begin PBXResourcesBuildPhase section */
		1D44C2282BB21266002F1C9D /* Resources */ = {
			isa = PBXResourcesBuildPhase;
			buildActionMask = 2147483647;
			files = (
				1D44C23A2BB21267002F1C9D /* LaunchScreen.storyboard in Resources */,
				1D33D6892BBE9CF1008AD1D1 /* Localizable.strings in Resources */,
				1D44C2372BB21267002F1C9D /* Assets.xcassets in Resources */,
			);
			runOnlyForDeploymentPostprocessing = 0;
		};
/* End PBXResourcesBuildPhase section */

/* Begin PBXSourcesBuildPhase section */
		1D44C2262BB21266002F1C9D /* Sources */ = {
			isa = PBXSourcesBuildPhase;
			buildActionMask = 2147483647;
			files = (
				1D44C2502BB213A1002F1C9D /* SettingsController.swift in Sources */,
				1D33D6932BC29264008AD1D1 /* Extension + Color.swift in Sources */,
				1D33D6952BC29344008AD1D1 /* Extension + String.swift in Sources */,
				1D44C2322BB21266002F1C9D /* MainView.swift in Sources */,
				1D33D6902BBE9D61008AD1D1 /* AppLanguageManager.swift in Sources */,
				1D44C24E2BB2138D002F1C9D /* SettingsView.swift in Sources */,
				1D44C24B2BB21353002F1C9D /* MainCVCell.swift in Sources */,
				1D323BAF2BB42F6800AFA267 /* AddNoteModel.swift in Sources */,
				1D323BAD2BB42F4F00AFA267 /* AddNoteController.swift in Sources */,
				1D323BB92BB42FF600AFA267 /* CoreDataService.swift in Sources */,
				1D323BC42BB4444A00AFA267 /* Note+CoreDataProperties.swift in Sources */,
				1D44C2492BB21346002F1C9D /* MainModel.swift in Sources */,
				1D44C2592BB21405002F1C9D /* OnBoardingCVCell.swift in Sources */,
				1D44C2542BB213C5002F1C9D /* SettingsTVCell.swift in Sources */,
				1D323BBC2BB435BA00AFA267 /* Note.xcdatamodeld in Sources */,
				1D33D6802BBC0360008AD1D1 /* ChangeLanguageTVCell.swift in Sources */,
				1D323BAB2BB42F1800AFA267 /* AddNoteView.swift in Sources */,
				1D44C2522BB213B0002F1C9D /* SettingsModel.swift in Sources */,
				1D33D67E2BBC00EE008AD1D1 /* ChangeLanguageView.swift in Sources */,
				1D44C22E2BB21266002F1C9D /* AppDelegate.swift in Sources */,
				1D44C2572BB213E4002F1C9D /* OnBoardingView.swift in Sources */,
				1D323BC32BB4444A00AFA267 /* Note+CoreDataClass.swift in Sources */,
				1D44C2302BB21266002F1C9D /* SceneDelegate.swift in Sources */,
				1D44C2472BB21339002F1C9D /* MainController.swift in Sources */,
			);
			runOnlyForDeploymentPostprocessing = 0;
		};
/* End PBXSourcesBuildPhase section */

/* Begin PBXVariantGroup section */
		1D33D68B2BBE9CF1008AD1D1 /* Localizable.strings */ = {
			isa = PBXVariantGroup;
			children = (
				1D33D68A2BBE9CF1008AD1D1 /* en */,
				1D33D68C2BBE9CF3008AD1D1 /* ky-KG */,
				1D33D68D2BBE9CF4008AD1D1 /* ru */,
			);
			name = Localizable.strings;
			sourceTree = "<group>";
		};
		1D44C2382BB21267002F1C9D /* LaunchScreen.storyboard */ = {
			isa = PBXVariantGroup;
			children = (
				1D44C2392BB21267002F1C9D /* Base */,
				1D33D6852BBE9C8A008AD1D1 /* ru */,
				1D33D6862BBE9C96008AD1D1 /* ky-KG */,
			);
			name = LaunchScreen.storyboard;
			sourceTree = "<group>";
		};
/* End PBXVariantGroup section */

/* Begin XCBuildConfiguration section */
		1D44C23C2BB21267002F1C9D /* Debug */ = {
			isa = XCBuildConfiguration;
			buildSettings = {
				ALWAYS_SEARCH_USER_PATHS = NO;
				ASSETCATALOG_COMPILER_GENERATE_SWIFT_ASSET_SYMBOL_EXTENSIONS = YES;
				CLANG_ANALYZER_LOCALIZABILITY_NONLOCALIZED = YES;
				CLANG_ANALYZER_NONNULL = YES;
				CLANG_ANALYZER_NUMBER_OBJECT_CONVERSION = YES_AGGRESSIVE;
				CLANG_CXX_LANGUAGE_STANDARD = "gnu++20";
				CLANG_ENABLE_MODULES = YES;
				CLANG_ENABLE_OBJC_ARC = YES;
				CLANG_ENABLE_OBJC_WEAK = YES;
				CLANG_WARN_BLOCK_CAPTURE_AUTORELEASING = YES;
				CLANG_WARN_BOOL_CONVERSION = YES;
				CLANG_WARN_COMMA = YES;
				CLANG_WARN_CONSTANT_CONVERSION = YES;
				CLANG_WARN_DEPRECATED_OBJC_IMPLEMENTATIONS = YES;
				CLANG_WARN_DIRECT_OBJC_ISA_USAGE = YES_ERROR;
				CLANG_WARN_DOCUMENTATION_COMMENTS = YES;
				CLANG_WARN_EMPTY_BODY = YES;
				CLANG_WARN_ENUM_CONVERSION = YES;
				CLANG_WARN_INFINITE_RECURSION = YES;
				CLANG_WARN_INT_CONVERSION = YES;
				CLANG_WARN_NON_LITERAL_NULL_CONVERSION = YES;
				CLANG_WARN_OBJC_IMPLICIT_RETAIN_SELF = YES;
				CLANG_WARN_OBJC_LITERAL_CONVERSION = YES;
				CLANG_WARN_OBJC_ROOT_CLASS = YES_ERROR;
				CLANG_WARN_QUOTED_INCLUDE_IN_FRAMEWORK_HEADER = YES;
				CLANG_WARN_RANGE_LOOP_ANALYSIS = YES;
				CLANG_WARN_STRICT_PROTOTYPES = YES;
				CLANG_WARN_SUSPICIOUS_MOVE = YES;
				CLANG_WARN_UNGUARDED_AVAILABILITY = YES_AGGRESSIVE;
				CLANG_WARN_UNREACHABLE_CODE = YES;
				CLANG_WARN__DUPLICATE_METHOD_MATCH = YES;
				COPY_PHASE_STRIP = NO;
				DEBUG_INFORMATION_FORMAT = dwarf;
				ENABLE_STRICT_OBJC_MSGSEND = YES;
				ENABLE_TESTABILITY = YES;
				ENABLE_USER_SCRIPT_SANDBOXING = YES;
				GCC_C_LANGUAGE_STANDARD = gnu17;
				GCC_DYNAMIC_NO_PIC = NO;
				GCC_NO_COMMON_BLOCKS = YES;
				GCC_OPTIMIZATION_LEVEL = 0;
				GCC_PREPROCESSOR_DEFINITIONS = (
					"DEBUG=1",
					"$(inherited)",
				);
				GCC_WARN_64_TO_32_BIT_CONVERSION = YES;
				GCC_WARN_ABOUT_RETURN_TYPE = YES_ERROR;
				GCC_WARN_UNDECLARED_SELECTOR = YES;
				GCC_WARN_UNINITIALIZED_AUTOS = YES_AGGRESSIVE;
				GCC_WARN_UNUSED_FUNCTION = YES;
				GCC_WARN_UNUSED_VARIABLE = YES;
				IPHONEOS_DEPLOYMENT_TARGET = 17.0;
				LOCALIZATION_PREFERS_STRING_CATALOGS = YES;
				MTL_ENABLE_DEBUG_INFO = INCLUDE_SOURCE;
				MTL_FAST_MATH = YES;
				ONLY_ACTIVE_ARCH = YES;
				SDKROOT = iphoneos;
				SWIFT_ACTIVE_COMPILATION_CONDITIONS = "DEBUG $(inherited)";
				SWIFT_OPTIMIZATION_LEVEL = "-Onone";
			};
			name = Debug;
		};
		1D44C23D2BB21267002F1C9D /* Release */ = {
			isa = XCBuildConfiguration;
			buildSettings = {
				ALWAYS_SEARCH_USER_PATHS = NO;
				ASSETCATALOG_COMPILER_GENERATE_SWIFT_ASSET_SYMBOL_EXTENSIONS = YES;
				CLANG_ANALYZER_LOCALIZABILITY_NONLOCALIZED = YES;
				CLANG_ANALYZER_NONNULL = YES;
				CLANG_ANALYZER_NUMBER_OBJECT_CONVERSION = YES_AGGRESSIVE;
				CLANG_CXX_LANGUAGE_STANDARD = "gnu++20";
				CLANG_ENABLE_MODULES = YES;
				CLANG_ENABLE_OBJC_ARC = YES;
				CLANG_ENABLE_OBJC_WEAK = YES;
				CLANG_WARN_BLOCK_CAPTURE_AUTORELEASING = YES;
				CLANG_WARN_BOOL_CONVERSION = YES;
				CLANG_WARN_COMMA = YES;
				CLANG_WARN_CONSTANT_CONVERSION = YES;
				CLANG_WARN_DEPRECATED_OBJC_IMPLEMENTATIONS = YES;
				CLANG_WARN_DIRECT_OBJC_ISA_USAGE = YES_ERROR;
				CLANG_WARN_DOCUMENTATION_COMMENTS = YES;
				CLANG_WARN_EMPTY_BODY = YES;
				CLANG_WARN_ENUM_CONVERSION = YES;
				CLANG_WARN_INFINITE_RECURSION = YES;
				CLANG_WARN_INT_CONVERSION = YES;
				CLANG_WARN_NON_LITERAL_NULL_CONVERSION = YES;
				CLANG_WARN_OBJC_IMPLICIT_RETAIN_SELF = YES;
				CLANG_WARN_OBJC_LITERAL_CONVERSION = YES;
				CLANG_WARN_OBJC_ROOT_CLASS = YES_ERROR;
				CLANG_WARN_QUOTED_INCLUDE_IN_FRAMEWORK_HEADER = YES;
				CLANG_WARN_RANGE_LOOP_ANALYSIS = YES;
				CLANG_WARN_STRICT_PROTOTYPES = YES;
				CLANG_WARN_SUSPICIOUS_MOVE = YES;
				CLANG_WARN_UNGUARDED_AVAILABILITY = YES_AGGRESSIVE;
				CLANG_WARN_UNREACHABLE_CODE = YES;
				CLANG_WARN__DUPLICATE_METHOD_MATCH = YES;
				COPY_PHASE_STRIP = NO;
				DEBUG_INFORMATION_FORMAT = "dwarf-with-dsym";
				ENABLE_NS_ASSERTIONS = NO;
				ENABLE_STRICT_OBJC_MSGSEND = YES;
				ENABLE_USER_SCRIPT_SANDBOXING = YES;
				GCC_C_LANGUAGE_STANDARD = gnu17;
				GCC_NO_COMMON_BLOCKS = YES;
				GCC_WARN_64_TO_32_BIT_CONVERSION = YES;
				GCC_WARN_ABOUT_RETURN_TYPE = YES_ERROR;
				GCC_WARN_UNDECLARED_SELECTOR = YES;
				GCC_WARN_UNINITIALIZED_AUTOS = YES_AGGRESSIVE;
				GCC_WARN_UNUSED_FUNCTION = YES;
				GCC_WARN_UNUSED_VARIABLE = YES;
				IPHONEOS_DEPLOYMENT_TARGET = 17.0;
				LOCALIZATION_PREFERS_STRING_CATALOGS = YES;
				MTL_ENABLE_DEBUG_INFO = NO;
				MTL_FAST_MATH = YES;
				SDKROOT = iphoneos;
				SWIFT_COMPILATION_MODE = wholemodule;
				VALIDATE_PRODUCT = YES;
			};
			name = Release;
		};
		1D44C23F2BB21267002F1C9D /* Debug */ = {
			isa = XCBuildConfiguration;
			buildSettings = {
				ASSETCATALOG_COMPILER_APPICON_NAME = AppIcon;
				ASSETCATALOG_COMPILER_GLOBAL_ACCENT_COLOR_NAME = AccentColor;
				CODE_SIGN_STYLE = Automatic;
				CURRENT_PROJECT_VERSION = 1;
				GENERATE_INFOPLIST_FILE = YES;
				INFOPLIST_FILE = 5lessondz3/Info.plist;
				INFOPLIST_KEY_UIApplicationSupportsIndirectInputEvents = YES;
				INFOPLIST_KEY_UILaunchStoryboardName = LaunchScreen;
				INFOPLIST_KEY_UISupportedInterfaceOrientations_iPad = "UIInterfaceOrientationPortrait UIInterfaceOrientationPortraitUpsideDown UIInterfaceOrientationLandscapeLeft UIInterfaceOrientationLandscapeRight";
				INFOPLIST_KEY_UISupportedInterfaceOrientations_iPhone = "UIInterfaceOrientationPortrait UIInterfaceOrientationLandscapeLeft UIInterfaceOrientationLandscapeRight";
				LD_RUNPATH_SEARCH_PATHS = (
					"$(inherited)",
					"@executable_path/Frameworks",
				);
				MARKETING_VERSION = 1.0;
				PRODUCT_BUNDLE_IDENTIFIER = "qq.-lessondz3";
				PRODUCT_NAME = "$(TARGET_NAME)";
				SWIFT_EMIT_LOC_STRINGS = YES;
				SWIFT_VERSION = 5.0;
				TARGETED_DEVICE_FAMILY = "1,2";
			};
			name = Debug;
		};
		1D44C2402BB21267002F1C9D /* Release */ = {
			isa = XCBuildConfiguration;
			buildSettings = {
				ASSETCATALOG_COMPILER_APPICON_NAME = AppIcon;
				ASSETCATALOG_COMPILER_GLOBAL_ACCENT_COLOR_NAME = AccentColor;
				CODE_SIGN_STYLE = Automatic;
				CURRENT_PROJECT_VERSION = 1;
				GENERATE_INFOPLIST_FILE = YES;
				INFOPLIST_FILE = 5lessondz3/Info.plist;
				INFOPLIST_KEY_UIApplicationSupportsIndirectInputEvents = YES;
				INFOPLIST_KEY_UILaunchStoryboardName = LaunchScreen;
				INFOPLIST_KEY_UISupportedInterfaceOrientations_iPad = "UIInterfaceOrientationPortrait UIInterfaceOrientationPortraitUpsideDown UIInterfaceOrientationLandscapeLeft UIInterfaceOrientationLandscapeRight";
				INFOPLIST_KEY_UISupportedInterfaceOrientations_iPhone = "UIInterfaceOrientationPortrait UIInterfaceOrientationLandscapeLeft UIInterfaceOrientationLandscapeRight";
				LD_RUNPATH_SEARCH_PATHS = (
					"$(inherited)",
					"@executable_path/Frameworks",
				);
				MARKETING_VERSION = 1.0;
				PRODUCT_BUNDLE_IDENTIFIER = "qq.-lessondz3";
				PRODUCT_NAME = "$(TARGET_NAME)";
				SWIFT_EMIT_LOC_STRINGS = YES;
				SWIFT_VERSION = 5.0;
				TARGETED_DEVICE_FAMILY = "1,2";
			};
			name = Release;
		};
/* End XCBuildConfiguration section */

/* Begin XCConfigurationList section */
		1D44C2252BB21266002F1C9D /* Build configuration list for PBXProject "5lessondz3" */ = {
			isa = XCConfigurationList;
			buildConfigurations = (
				1D44C23C2BB21267002F1C9D /* Debug */,
				1D44C23D2BB21267002F1C9D /* Release */,
			);
			defaultConfigurationIsVisible = 0;
			defaultConfigurationName = Release;
		};
		1D44C23E2BB21267002F1C9D /* Build configuration list for PBXNativeTarget "5lessondz3" */ = {
			isa = XCConfigurationList;
			buildConfigurations = (
				1D44C23F2BB21267002F1C9D /* Debug */,
				1D44C2402BB21267002F1C9D /* Release */,
			);
			defaultConfigurationIsVisible = 0;
			defaultConfigurationName = Release;
		};
/* End XCConfigurationList section */

/* Begin XCVersionGroup section */
		1D323BBA2BB435BA00AFA267 /* Note.xcdatamodeld */ = {
			isa = XCVersionGroup;
			children = (
				1D323BBB2BB435BA00AFA267 /* Note.xcdatamodel */,
			);
			currentVersion = 1D323BBB2BB435BA00AFA267 /* Note.xcdatamodel */;
			path = Note.xcdatamodeld;
			sourceTree = "<group>";
			versionGroupType = wrapper.xcdatamodel;
		};
/* End XCVersionGroup section */
	};
	rootObject = 1D44C2222BB21266002F1C9D /* Project object */;
}
